
Microsoft Visual Studio Solution File, Format Version 12.00
# Visual Studio Version 17
VisualStudioVersion = 17.0.31903.59
MinimumVisualStudioVersion = 10.0.40219.1
Project("{2150E333-8FDC-42A3-9474-1A3956D46DE8}") = "src", "src", "{BD496DDF-EEA6-40A2-8292-61C4D729F096}"
EndProject
Project("{2150E333-8FDC-42A3-9474-1A3956D46DE8}") = "Core", "Core", "{19C7DB93-0AF1-415D-AC4A-E12968071C9F}"
EndProject
Project("{FAE04EC0-301F-11D3-BF4B-00C04F79EFBC}") = "Domain", "src\Core\Domain\Domain.csproj", "{DA08802C-9F2C-454C-9E67-96047BAEB8F7}"
EndProject
Project("{FAE04EC0-301F-11D3-BF4B-00C04F79EFBC}") = "Application", "src\Core\Application\Application.csproj", "{A6642737-09F6-4A8C-875C-D3208CEC96E5}"
EndProject
Project("{2150E333-8FDC-42A3-9474-1A3956D46DE8}") = "Infrastructure", "Infrastructure", "{4917B084-0FF9-476E-A28A-46512309A529}"
EndProject
Project("{FAE04EC0-301F-11D3-BF4B-00C04F79EFBC}") = "Persistence", "src\Infrastructure\Persistence\Persistence.csproj", "{18EC52BE-C289-419B-A5AD-DE5AB9D82B53}"
EndProject
Project("{2150E333-8FDC-42A3-9474-1A3956D46DE8}") = "Presentation", "Presentation", "{EEDEDCA7-4D99-477A-88E5-8440DFF93EE1}"
EndProject
Project("{FAE04EC0-301F-11D3-BF4B-00C04F79EFBC}") = "WebApi", "src\Presentation\WebApi\WebApi.csproj", "{7A915F8C-9B45-47F0-8C3F-099634E7242F}"
EndProject
Project("{2150E333-8FDC-42A3-9474-1A3956D46DE8}") = "tests", "tests", "{8100F779-10D4-4CDE-83F8-ACBC7CA7DB9D}"
EndProject
Project("{FAE04EC0-301F-11D3-BF4B-00C04F79EFBC}") = "Application.UnitTests", "tests\Application.UnitTests\Application.UnitTests.csproj", "{E96CBA2A-2705-46A9-958E-0CB39DC26A6B}"
EndProject
Project("{FAE04EC0-301F-11D3-BF4B-00C04F79EFBC}") = "Application.IntegrationTests", "tests\Application.IntegrationTests\Application.IntegrationTests.csproj", "{44DC0F6E-0DCC-47D4-83C6-9191CD859744}"
EndProject
Global
	GlobalSection(SolutionConfigurationPlatforms) = preSolution
		Debug|Any CPU = Debug|Any CPU
		Release|Any CPU = Release|Any CPU
	EndGlobalSection
	GlobalSection(SolutionProperties) = preSolution
		HideSolutionNode = FALSE
	EndGlobalSection
	GlobalSection(ProjectConfigurationPlatforms) = postSolution
		{DA08802C-9F2C-454C-9E67-96047BAEB8F7}.Debug|Any CPU.ActiveCfg = Debug|Any CPU
		{DA08802C-9F2C-454C-9E67-96047BAEB8F7}.Debug|Any CPU.Build.0 = Debug|Any CPU
		{DA08802C-9F2C-454C-9E67-96047BAEB8F7}.Release|Any CPU.ActiveCfg = Release|Any CPU
		{DA08802C-9F2C-454C-9E67-96047BAEB8F7}.Release|Any CPU.Build.0 = Release|Any CPU
		{A6642737-09F6-4A8C-875C-D3208CEC96E5}.Debug|Any CPU.ActiveCfg = Debug|Any CPU
		{A6642737-09F6-4A8C-875C-D3208CEC96E5}.Debug|Any CPU.Build.0 = Debug|Any CPU
		{A6642737-09F6-4A8C-875C-D3208CEC96E5}.Release|Any CPU.ActiveCfg = Release|Any CPU
		{A6642737-09F6-4A8C-875C-D3208CEC96E5}.Release|Any CPU.Build.0 = Release|Any CPU
		{18EC52BE-C289-419B-A5AD-DE5AB9D82B53}.Debug|Any CPU.ActiveCfg = Debug|Any CPU
		{18EC52BE-C289-419B-A5AD-DE5AB9D82B53}.Debug|Any CPU.Build.0 = Debug|Any CPU
		{18EC52BE-C289-419B-A5AD-DE5AB9D82B53}.Release|Any CPU.ActiveCfg = Release|Any CPU
		{18EC52BE-C289-419B-A5AD-DE5AB9D82B53}.Release|Any CPU.Build.0 = Release|Any CPU
		{7A915F8C-9B45-47F0-8C3F-099634E7242F}.Debug|Any CPU.ActiveCfg = Debug|Any CPU
		{7A915F8C-9B45-47F0-8C3F-099634E7242F}.Debug|Any CPU.Build.0 = Debug|Any CPU
		{7A915F8C-9B45-47F0-8C3F-099634E7242F}.Release|Any CPU.ActiveCfg = Release|Any CPU
		{7A915F8C-9B45-47F0-8C3F-099634E7242F}.Release|Any CPU.Build.0 = Release|Any CPU
		{E96CBA2A-2705-46A9-958E-0CB39DC26A6B}.Debug|Any CPU.ActiveCfg = Debug|Any CPU
		{E96CBA2A-2705-46A9-958E-0CB39DC26A6B}.Debug|Any CPU.Build.0 = Debug|Any CPU
		{E96CBA2A-2705-46A9-958E-0CB39DC26A6B}.Release|Any CPU.ActiveCfg = Release|Any CPU
		{E96CBA2A-2705-46A9-958E-0CB39DC26A6B}.Release|Any CPU.Build.0 = Release|Any CPU
		{44DC0F6E-0DCC-47D4-83C6-9191CD859744}.Debug|Any CPU.ActiveCfg = Debug|Any CPU
		{44DC0F6E-0DCC-47D4-83C6-9191CD859744}.Debug|Any CPU.Build.0 = Debug|Any CPU
		{44DC0F6E-0DCC-47D4-83C6-9191CD859744}.Release|Any CPU.ActiveCfg = Release|Any CPU
		{44DC0F6E-0DCC-47D4-83C6-9191CD859744}.Release|Any CPU.Build.0 = Release|Any CPU
	EndGlobalSection
	GlobalSection(NestedProjects) = preSolution
		{19C7DB93-0AF1-415D-AC4A-E12968071C9F} = {BD496DDF-EEA6-40A2-8292-61C4D729F096}
		{DA08802C-9F2C-454C-9E67-96047BAEB8F7} = {19C7DB93-0AF1-415D-AC4A-E12968071C9F}
		{A6642737-09F6-4A8C-875C-D3208CEC96E5} = {19C7DB93-0AF1-415D-AC4A-E12968071C9F}
		{4917B084-0FF9-476E-A28A-46512309A529} = {BD496DDF-EEA6-40A2-8292-61C4D729F096}
		{18EC52BE-C289-419B-A5AD-DE5AB9D82B53} = {4917B084-0FF9-476E-A28A-46512309A529}
		{EEDEDCA7-4D99-477A-88E5-8440DFF93EE1} = {BD496DDF-EEA6-40A2-8292-61C4D729F096}
		{7A915F8C-9B45-47F0-8C3F-099634E7242F} = {EEDEDCA7-4D99-477A-88E5-8440DFF93EE1}
		{E96CBA2A-2705-46A9-958E-0CB39DC26A6B} = {8100F779-10D4-4CDE-83F8-ACBC7CA7DB9D}
		{44DC0F6E-0DCC-47D4-83C6-9191CD859744} = {8100F779-10D4-4CDE-83F8-ACBC7CA7DB9D}
	EndGlobalSection
EndGlobal
